{
  "name": "no-modules",
  "lockfileVersion": 2,
  "requires": true,
  "packages": {
    "": {
      "dependencies": {
        "cross_rust_wasm": "^0.1.4"
      }
    },
    "node_modules/cross_rust_wasm": {
      "version": "0.1.4",
      "resolved": "https://registry.npmjs.org/cross_rust_wasm/-/cross_rust_wasm-0.1.4.tgz",
      "integrity": "sha512-3JLzvrSVb2I7j5a46Dmp0A4Teq9o9W1IjtwkGBg458ot6Fu0qyAV2UM6GgGH/DH3Tfz4itahbbYnR388KY4+QA=="
    }
  },
  "dependencies": {
    "cross_rust_wasm": {
      "version": "0.1.4",
      "resolved": "https://registry.npmjs.org/cross_rust_wasm/-/cross_rust_wasm-0.1.4.tgz",
      "integrity": "sha512-3JLzvrSVb2I7j5a46Dmp0A4Teq9o9W1IjtwkGBg458ot6Fu0qyAV2UM6GgGH/DH3Tfz4itahbbYnR388KY4+QA=="
    }
  }
}
