{
  "name": "test",
  "version": "1.0.0",
  "lockfileVersion": 2,
  "requires": true,
  "packages": {
    "": {
      "name": "test",
      "version": "1.0.0",
      "license": "ISC",
      "dependencies": {
        "cross_rust_wasm": "^0.1.2"
      }
    },
    "node_modules/cross_rust_wasm": {
      "version": "0.1.2",
      "resolved": "https://registry.npmjs.org/cross_rust_wasm/-/cross_rust_wasm-0.1.2.tgz",
      "integrity": "sha512-mPWClFFbpVjSYJEyJVsg+b5UsdlpLSu+sEjnWHD/AUV0GpfztUQtsr8ZQ6Hrz15bUtV707w3/5qJL5n7jF67ZA=="
    }
  },
  "dependencies": {
    "cross_rust_wasm": {
      "version": "0.1.2",
      "resolved": "https://registry.npmjs.org/cross_rust_wasm/-/cross_rust_wasm-0.1.2.tgz",
      "integrity": "sha512-mPWClFFbpVjSYJEyJVsg+b5UsdlpLSu+sEjnWHD/AUV0GpfztUQtsr8ZQ6Hrz15bUtV707w3/5qJL5n7jF67ZA=="
    }
  }
}
